
Microsoft Visual Studio Solution File, Format Version 12.00
# Visual Studio 2013
VisualStudioVersion = 12.0.30723.0
MinimumVisualStudioVersion = 10.0.40219.1
Project("{FAE04EC0-301F-11D3-BF4B-00C04F79EFBC}") = "MvcPartialViewResultDemo", "MvcPartialViewResultDemo\MvcPartialViewResultDemo.csproj", "{97F5B349-7BA6-4578-89FA-60985446E709}"
EndProject
Project("{FAE04EC0-301F-11D3-BF4B-00C04F79EFBC}") = "MvcPartialViewResultDemo.Tests", "MvcPartialViewResultDemo.Tests\MvcPartialViewResultDemo.Tests.csproj", "{7F8693B1-F1D1-42E3-B1A1-A15488D69FFD}"
EndProject
Global
	GlobalSection(SolutionConfigurationPlatforms) = preSolution
		Debug|Any CPU = Debug|Any CPU
		Release|Any CPU = Release|Any CPU
	EndGlobalSection
	GlobalSection(ProjectConfigurationPlatforms) = postSolution
		{97F5B349-7BA6-4578-89FA-60985446E709}.Debug|Any CPU.ActiveCfg = Debug|Any CPU
		{97F5B349-7BA6-4578-89FA-60985446E709}.Debug|Any CPU.Build.0 = Debug|Any CPU
		{97F5B349-7BA6-4578-89FA-60985446E709}.Release|Any CPU.ActiveCfg = Release|Any CPU
		{97F5B349-7BA6-4578-89FA-60985446E709}.Release|Any CPU.Build.0 = Release|Any CPU
		{7F8693B1-F1D1-42E3-B1A1-A15488D69FFD}.Debug|Any CPU.ActiveCfg = Debug|Any CPU
		{7F8693B1-F1D1-42E3-B1A1-A15488D69FFD}.Debug|Any CPU.Build.0 = Debug|Any CPU
		{7F8693B1-F1D1-42E3-B1A1-A15488D69FFD}.Release|Any CPU.ActiveCfg = Release|Any CPU
		{7F8693B1-F1D1-42E3-B1A1-A15488D69FFD}.Release|Any CPU.Build.0 = Release|Any CPU
	EndGlobalSection
	GlobalSection(SolutionProperties) = preSolution
		HideSolutionNode = FALSE
	EndGlobalSection
EndGlobal
